// !$*UTF8*$!
{
	archiveVersion = 1;
	classes = {
	};
	objectVersion = 50;
	objects = {

/* Begin PBXBuildFile section */
		B77D76081D206EC660C9F896 /* Pods_Flix_part1.framework in Frameworks */ = {isa = PBXBuildFile; fileRef = B4C6D7E37C025A65A6E006AF /* Pods_Flix_part1.framework */; };
		D61DC1CE29600B88524CE7C5 /* Pods_Flix_part1Tests.framework in Frameworks */ = {isa = PBXBuildFile; fileRef = 44AE0CCEEC39A85E8830AA10 /* Pods_Flix_part1Tests.framework */; };
		E0115B4B21576C0700CC1C9E /* MovieCell.swift in Sources */ = {isa = PBXBuildFile; fileRef = E0115B4A21576C0700CC1C9E /* MovieCell.swift */; };
		E0173CF72161E97D0084DC0D /* PosterCell.swift in Sources */ = {isa = PBXBuildFile; fileRef = E0173CF62161E97D0084DC0D /* PosterCell.swift */; };
		E0173CF92161EAA30084DC0D /* SuperheroViewController.swift in Sources */ = {isa = PBXBuildFile; fileRef = E0173CF82161EAA30084DC0D /* SuperheroViewController.swift */; };
		E01955A82154C05600FC20B5 /* AppDelegate.swift in Sources */ = {isa = PBXBuildFile; fileRef = E01955A72154C05600FC20B5 /* AppDelegate.swift */; };
		E01955AD2154C05600FC20B5 /* Main.storyboard in Resources */ = {isa = PBXBuildFile; fileRef = E01955AB2154C05600FC20B5 /* Main.storyboard */; };
		E01955AF2154C05800FC20B5 /* Assets.xcassets in Resources */ = {isa = PBXBuildFile; fileRef = E01955AE2154C05800FC20B5 /* Assets.xcassets */; };
		E01955B22154C05800FC20B5 /* LaunchScreen.storyboard in Resources */ = {isa = PBXBuildFile; fileRef = E01955B02154C05800FC20B5 /* LaunchScreen.storyboard */; };
		E01955BD2154C05800FC20B5 /* Flix_part1Tests.swift in Sources */ = {isa = PBXBuildFile; fileRef = E01955BC2154C05800FC20B5 /* Flix_part1Tests.swift */; };
		E01955C82154C05800FC20B5 /* Flix_part1UITests.swift in Sources */ = {isa = PBXBuildFile; fileRef = E01955C72154C05800FC20B5 /* Flix_part1UITests.swift */; };
		E0B56983215612F600AA3E54 /* NowPlayingViewController.swift in Sources */ = {isa = PBXBuildFile; fileRef = E0B56982215612F600AA3E54 /* NowPlayingViewController.swift */; };
		E0E4D62A21585C3B0006AA1A /* DetailViewController.swift in Sources */ = {isa = PBXBuildFile; fileRef = E0E4D62921585C3B0006AA1A /* DetailViewController.swift */; };
		ECB9937918E45AF5899B74EC /* Pods_Flix_part1UITests.framework in Frameworks */ = {isa = PBXBuildFile; fileRef = 94530ADAE9A0B37EEDBC1B59 /* Pods_Flix_part1UITests.framework */; };
/* End PBXBuildFile section */

/* Begin PBXContainerItemProxy section */
		E01955B92154C05800FC20B5 /* PBXContainerItemProxy */ = {
			isa = PBXContainerItemProxy;
			containerPortal = E019559C2154C05600FC20B5 /* Project object */;
			proxyType = 1;
			remoteGlobalIDString = E01955A32154C05600FC20B5;
			remoteInfo = Flix_part1;
		};
		E01955C42154C05800FC20B5 /* PBXContainerItemProxy */ = {
			isa = PBXContainerItemProxy;
			containerPortal = E019559C2154C05600FC20B5 /* Project object */;
			proxyType = 1;
			remoteGlobalIDString = E01955A32154C05600FC20B5;
			remoteInfo = Flix_part1;
		};
/* End PBXContainerItemProxy section */

/* Begin PBXFileReference section */
		0D23F71F9E52132296078655 /* Pods-Flix_part1UITests.release.xcconfig */ = {isa = PBXFileReference; includeInIndex = 1; lastKnownFileType = text.xcconfig; name = "Pods-Flix_part1UITests.release.xcconfig"; path = "Pods/Target Support Files/Pods-Flix_part1UITests/Pods-Flix_part1UITests.release.xcconfig"; sourceTree = "<group>"; };
		18F9214606F9594AA9B958F3 /* Pods-Flix_part1.release.xcconfig */ = {isa = PBXFileReference; includeInIndex = 1; lastKnownFileType = text.xcconfig; name = "Pods-Flix_part1.release.xcconfig"; path = "Pods/Target Support Files/Pods-Flix_part1/Pods-Flix_part1.release.xcconfig"; sourceTree = "<group>"; };
		252BB995F0C893DBFE3BC0AB /* Pods-Flix_part1Tests.debug.xcconfig */ = {isa = PBXFileReference; includeInIndex = 1; lastKnownFileType = text.xcconfig; name = "Pods-Flix_part1Tests.debug.xcconfig"; path = "Pods/Target Support Files/Pods-Flix_part1Tests/Pods-Flix_part1Tests.debug.xcconfig"; sourceTree = "<group>"; };
		41E409EBB4E71AB0457EB7CE /* Pods-Flix_part1UITests.debug.xcconfig */ = {isa = PBXFileReference; includeInIndex = 1; lastKnownFileType = text.xcconfig; name = "Pods-Flix_part1UITests.debug.xcconfig"; path = "Pods/Target Support Files/Pods-Flix_part1UITests/Pods-Flix_part1UITests.debug.xcconfig"; sourceTree = "<group>"; };
		44AE0CCEEC39A85E8830AA10 /* Pods_Flix_part1Tests.framework */ = {isa = PBXFileReference; explicitFileType = wrapper.framework; includeInIndex = 0; path = Pods_Flix_part1Tests.framework; sourceTree = BUILT_PRODUCTS_DIR; };
		7040A5967B96E29713EA0D90 /* Pods-Flix_part1Tests.release.xcconfig */ = {isa = PBXFileReference; includeInIndex = 1; lastKnownFileType = text.xcconfig; name = "Pods-Flix_part1Tests.release.xcconfig"; path = "Pods/Target Support Files/Pods-Flix_part1Tests/Pods-Flix_part1Tests.release.xcconfig"; sourceTree = "<group>"; };
		94530ADAE9A0B37EEDBC1B59 /* Pods_Flix_part1UITests.framework */ = {isa = PBXFileReference; explicitFileType = wrapper.framework; includeInIndex = 0; path = Pods_Flix_part1UITests.framework; sourceTree = BUILT_PRODUCTS_DIR; };
		B4C6D7E37C025A65A6E006AF /* Pods_Flix_part1.framework */ = {isa = PBXFileReference; explicitFileType = wrapper.framework; includeInIndex = 0; path = Pods_Flix_part1.framework; sourceTree = BUILT_PRODUCTS_DIR; };
		C621ECDAE8A3A687D37FD86A /* Pods-Flix_part1.debug.xcconfig */ = {isa = PBXFileReference; includeInIndex = 1; lastKnownFileType = text.xcconfig; name = "Pods-Flix_part1.debug.xcconfig"; path = "Pods/Target Support Files/Pods-Flix_part1/Pods-Flix_part1.debug.xcconfig"; sourceTree = "<group>"; };
		E0115B4A21576C0700CC1C9E /* MovieCell.swift */ = {isa = PBXFileReference; lastKnownFileType = sourcecode.swift; path = MovieCell.swift; sourceTree = "<group>"; };
		E0173CF62161E97D0084DC0D /* PosterCell.swift */ = {isa = PBXFileReference; lastKnownFileType = sourcecode.swift; path = PosterCell.swift; sourceTree = "<group>"; };
		E0173CF82161EAA30084DC0D /* SuperheroViewController.swift */ = {isa = PBXFileReference; lastKnownFileType = sourcecode.swift; path = SuperheroViewController.swift; sourceTree = "<group>"; };
		E01955A42154C05600FC20B5 /* Flix_part1.app */ = {isa = PBXFileReference; explicitFileType = wrapper.application; includeInIndex = 0; path = Flix_part1.app; sourceTree = BUILT_PRODUCTS_DIR; };
		E01955A72154C05600FC20B5 /* AppDelegate.swift */ = {isa = PBXFileReference; lastKnownFileType = sourcecode.swift; path = AppDelegate.swift; sourceTree = "<group>"; };
		E01955AC2154C05600FC20B5 /* Base */ = {isa = PBXFileReference; lastKnownFileType = file.storyboard; name = Base; path = Base.lproj/Main.storyboard; sourceTree = "<group>"; };
		E01955AE2154C05800FC20B5 /* Assets.xcassets */ = {isa = PBXFileReference; lastKnownFileType = folder.assetcatalog; path = Assets.xcassets; sourceTree = "<group>"; };
		E01955B12154C05800FC20B5 /* Base */ = {isa = PBXFileReference; lastKnownFileType = file.storyboard; name = Base; path = Base.lproj/LaunchScreen.storyboard; sourceTree = "<group>"; };
		E01955B32154C05800FC20B5 /* Info.plist */ = {isa = PBXFileReference; lastKnownFileType = text.plist.xml; path = Info.plist; sourceTree = "<group>"; };
		E01955B82154C05800FC20B5 /* Flix_part1Tests.xctest */ = {isa = PBXFileReference; explicitFileType = wrapper.cfbundle; includeInIndex = 0; path = Flix_part1Tests.xctest; sourceTree = BUILT_PRODUCTS_DIR; };
		E01955BC2154C05800FC20B5 /* Flix_part1Tests.swift */ = {isa = PBXFileReference; lastKnownFileType = sourcecode.swift; path = Flix_part1Tests.swift; sourceTree = "<group>"; };
		E01955BE2154C05800FC20B5 /* Info.plist */ = {isa = PBXFileReference; lastKnownFileType = text.plist.xml; path = Info.plist; sourceTree = "<group>"; };
		E01955C32154C05800FC20B5 /* Flix_part1UITests.xctest */ = {isa = PBXFileReference; explicitFileType = wrapper.cfbundle; includeInIndex = 0; path = Flix_part1UITests.xctest; sourceTree = BUILT_PRODUCTS_DIR; };
		E01955C72154C05800FC20B5 /* Flix_part1UITests.swift */ = {isa = PBXFileReference; lastKnownFileType = sourcecode.swift; path = Flix_part1UITests.swift; sourceTree = "<group>"; };
		E01955C92154C05800FC20B5 /* Info.plist */ = {isa = PBXFileReference; lastKnownFileType = text.plist.xml; path = Info.plist; sourceTree = "<group>"; };
		E0B56982215612F600AA3E54 /* NowPlayingViewController.swift */ = {isa = PBXFileReference; indentWidth = 3; lastKnownFileType = sourcecode.swift; path = NowPlayingViewController.swift; sourceTree = "<group>"; tabWidth = 3; };
		E0E4D62921585C3B0006AA1A /* DetailViewController.swift */ = {isa = PBXFileReference; lastKnownFileType = sourcecode.swift; path = DetailViewController.swift; sourceTree = "<group>"; };
/* End PBXFileReference section */

/* Begin PBXFrameworksBuildPhase section */
		E01955A12154C05600FC20B5 /* Frameworks */ = {
			isa = PBXFrameworksBuildPhase;
			buildActionMask = 2147483647;
			files = (
				B77D76081D206EC660C9F896 /* Pods_Flix_part1.framework in Frameworks */,
			);
			runOnlyForDeploymentPostprocessing = 0;
		};
		E01955B52154C05800FC20B5 /* Frameworks */ = {
			isa = PBXFrameworksBuildPhase;
			buildActionMask = 2147483647;
			files = (
				D61DC1CE29600B88524CE7C5 /* Pods_Flix_part1Tests.framework in Frameworks */,
			);
			runOnlyForDeploymentPostprocessing = 0;
		};
		E01955C02154C05800FC20B5 /* Frameworks */ = {
			isa = PBXFrameworksBuildPhase;
			buildActionMask = 2147483647;
			files = (
				ECB9937918E45AF5899B74EC /* Pods_Flix_part1UITests.framework in Frameworks */,
			);
			runOnlyForDeploymentPostprocessing = 0;
		};
/* End PBXFrameworksBuildPhase section */

/* Begin PBXGroup section */
		BFBA1AB75BB4FA3825DD8308 /* Pods */ = {
			isa = PBXGroup;
			children = (
				C621ECDAE8A3A687D37FD86A /* Pods-Flix_part1.debug.xcconfig */,
				18F9214606F9594AA9B958F3 /* Pods-Flix_part1.release.xcconfig */,
				252BB995F0C893DBFE3BC0AB /* Pods-Flix_part1Tests.debug.xcconfig */,
				7040A5967B96E29713EA0D90 /* Pods-Flix_part1Tests.release.xcconfig */,
				41E409EBB4E71AB0457EB7CE /* Pods-Flix_part1UITests.debug.xcconfig */,
				0D23F71F9E52132296078655 /* Pods-Flix_part1UITests.release.xcconfig */,
			);
			name = Pods;
			sourceTree = "<group>";
		};
		C04E267E48EAE8544A75489A /* Frameworks */ = {
			isa = PBXGroup;
			children = (
				B4C6D7E37C025A65A6E006AF /* Pods_Flix_part1.framework */,
				44AE0CCEEC39A85E8830AA10 /* Pods_Flix_part1Tests.framework */,
				94530ADAE9A0B37EEDBC1B59 /* Pods_Flix_part1UITests.framework */,
			);
			name = Frameworks;
			sourceTree = "<group>";
		};
		E019559B2154C05600FC20B5 = {
			isa = PBXGroup;
			children = (
				E01955A62154C05600FC20B5 /* Flix_part1 */,
				E01955BB2154C05800FC20B5 /* Flix_part1Tests */,
				E01955C62154C05800FC20B5 /* Flix_part1UITests */,
				E01955A52154C05600FC20B5 /* Products */,
				BFBA1AB75BB4FA3825DD8308 /* Pods */,
				C04E267E48EAE8544A75489A /* Frameworks */,
			);
			sourceTree = "<group>";
		};
		E01955A52154C05600FC20B5 /* Products */ = {
			isa = PBXGroup;
			children = (
				E01955A42154C05600FC20B5 /* Flix_part1.app */,
				E01955B82154C05800FC20B5 /* Flix_part1Tests.xctest */,
				E01955C32154C05800FC20B5 /* Flix_part1UITests.xctest */,
			);
			name = Products;
			sourceTree = "<group>";
		};
		E01955A62154C05600FC20B5 /* Flix_part1 */ = {
			isa = PBXGroup;
			children = (
				E0E4D62821585BC70006AA1A /* Views */,
				E0E4D62721585B990006AA1A /* ViewControllers */,
				E01955A72154C05600FC20B5 /* AppDelegate.swift */,
				E01955AB2154C05600FC20B5 /* Main.storyboard */,
				E01955AE2154C05800FC20B5 /* Assets.xcassets */,
				E01955B02154C05800FC20B5 /* LaunchScreen.storyboard */,
				E01955B32154C05800FC20B5 /* Info.plist */,
			);
			path = Flix_part1;
			sourceTree = "<group>";
		};
		E01955BB2154C05800FC20B5 /* Flix_part1Tests */ = {
			isa = PBXGroup;
			children = (
				E01955BC2154C05800FC20B5 /* Flix_part1Tests.swift */,
				E01955BE2154C05800FC20B5 /* Info.plist */,
			);
			path = Flix_part1Tests;
			sourceTree = "<group>";
		};
		E01955C62154C05800FC20B5 /* Flix_part1UITests */ = {
			isa = PBXGroup;
			children = (
				E01955C72154C05800FC20B5 /* Flix_part1UITests.swift */,
				E01955C92154C05800FC20B5 /* Info.plist */,
			);
			path = Flix_part1UITests;
			sourceTree = "<group>";
		};
		E0E4D62721585B990006AA1A /* ViewControllers */ = {
			isa = PBXGroup;
			children = (
				E0B56982215612F600AA3E54 /* NowPlayingViewController.swift */,
				E0E4D62921585C3B0006AA1A /* DetailViewController.swift */,
				E0173CF82161EAA30084DC0D /* SuperheroViewController.swift */,
			);
			path = ViewControllers;
			sourceTree = "<group>";
		};
		E0E4D62821585BC70006AA1A /* Views */ = {
			isa = PBXGroup;
			children = (
				E0115B4A21576C0700CC1C9E /* MovieCell.swift */,
				E0173CF62161E97D0084DC0D /* PosterCell.swift */,
			);
			path = Views;
			sourceTree = "<group>";
		};
/* End PBXGroup section */

/* Begin PBXNativeTarget section */
		E01955A32154C05600FC20B5 /* Flix_part1 */ = {
			isa = PBXNativeTarget;
			buildConfigurationList = E01955CC2154C05800FC20B5 /* Build configuration list for PBXNativeTarget "Flix_part1" */;
			buildPhases = (
				6A0A07BA83FFA348FFF0AAEA /* [CP] Check Pods Manifest.lock */,
				E01955A02154C05600FC20B5 /* Sources */,
				E01955A12154C05600FC20B5 /* Frameworks */,
				E01955A22154C05600FC20B5 /* Resources */,
				D29E87E051E280AE21A29B17 /* [CP] Embed Pods Frameworks */,
			);
			buildRules = (
			);
			dependencies = (
			);
			name = Flix_part1;
			productName = Flix_part1;
			productReference = E01955A42154C05600FC20B5 /* Flix_part1.app */;
			productType = "com.apple.product-type.application";
		};
		E01955B72154C05800FC20B5 /* Flix_part1Tests */ = {
			isa = PBXNativeTarget;
			buildConfigurationList = E01955CF2154C05800FC20B5 /* Build configuration list for PBXNativeTarget "Flix_part1Tests" */;
			buildPhases = (
				F4391927214B132D20381FF9 /* [CP] Check Pods Manifest.lock */,
				E01955B42154C05800FC20B5 /* Sources */,
				E01955B52154C05800FC20B5 /* Frameworks */,
				E01955B62154C05800FC20B5 /* Resources */,
			);
			buildRules = (
			);
			dependencies = (
				E01955BA2154C05800FC20B5 /* PBXTargetDependency */,
			);
			name = Flix_part1Tests;
			productName = Flix_part1Tests;
			productReference = E01955B82154C05800FC20B5 /* Flix_part1Tests.xctest */;
			productType = "com.apple.product-type.bundle.unit-test";
		};
		E01955C22154C05800FC20B5 /* Flix_part1UITests */ = {
			isa = PBXNativeTarget;
			buildConfigurationList = E01955D22154C05800FC20B5 /* Build configuration list for PBXNativeTarget "Flix_part1UITests" */;
			buildPhases = (
				AAFE52435F1A990240CB48C7 /* [CP] Check Pods Manifest.lock */,
				E01955BF2154C05800FC20B5 /* Sources */,
				E01955C02154C05800FC20B5 /* Frameworks */,
				E01955C12154C05800FC20B5 /* Resources */,
			);
			buildRules = (
			);
			dependencies = (
				E01955C52154C05800FC20B5 /* PBXTargetDependency */,
			);
			name = Flix_part1UITests;
			productName = Flix_part1UITests;
			productReference = E01955C32154C05800FC20B5 /* Flix_part1UITests.xctest */;
			productType = "com.apple.product-type.bundle.ui-testing";
		};
/* End PBXNativeTarget section */

/* Begin PBXProject section */
		E019559C2154C05600FC20B5 /* Project object */ = {
			isa = PBXProject;
			attributes = {
				LastSwiftUpdateCheck = 0940;
				LastUpgradeCheck = 0940;
				ORGANIZATIONNAME = "Karina Vicente";
				TargetAttributes = {
					E01955A32154C05600FC20B5 = {
						CreatedOnToolsVersion = 9.4.1;
					};
					E01955B72154C05800FC20B5 = {
						CreatedOnToolsVersion = 9.4.1;
						TestTargetID = E01955A32154C05600FC20B5;
					};
					E01955C22154C05800FC20B5 = {
						CreatedOnToolsVersion = 9.4.1;
						TestTargetID = E01955A32154C05600FC20B5;
					};
				};
			};
			buildConfigurationList = E019559F2154C05600FC20B5 /* Build configuration list for PBXProject "Flix_part1" */;
			compatibilityVersion = "Xcode 9.3";
			developmentRegion = en;
			hasScannedForEncodings = 0;
			knownRegions = (
				en,
				Base,
			);
			mainGroup = E019559B2154C05600FC20B5;
			productRefGroup = E01955A52154C05600FC20B5 /* Products */;
			projectDirPath = "";
			projectRoot = "";
			targets = (
				E01955A32154C05600FC20B5 /* Flix_part1 */,
				E01955B72154C05800FC20B5 /* Flix_part1Tests */,
				E01955C22154C05800FC20B5 /* Flix_part1UITests */,
			);
		};
/* End PBXProject section */

/* Begin PBXResourcesBuildPhase section */
		E01955A22154C05600FC20B5 /* Resources */ = {
			isa = PBXResourcesBuildPhase;
			buildActionMask = 2147483647;
			files = (
				E01955B22154C05800FC20B5 /* LaunchScreen.storyboard in Resources */,
				E01955AF2154C05800FC20B5 /* Assets.xcassets in Resources */,
				E01955AD2154C05600FC20B5 /* Main.storyboard in Resources */,
			);
			runOnlyForDeploymentPostprocessing = 0;
		};
		E01955B62154C05800FC20B5 /* Resources */ = {
			isa = PBXResourcesBuildPhase;
			buildActionMask = 2147483647;
			files = (
			);
			runOnlyForDeploymentPostprocessing = 0;
		};
		E01955C12154C05800FC20B5 /* Resources */ = {
			isa = PBXResourcesBuildPhase;
			buildActionMask = 2147483647;
			files = (
			);
			runOnlyForDeploymentPostprocessing = 0;
		};
/* End PBXResourcesBuildPhase section */

/* Begin PBXShellScriptBuildPhase section */
		6A0A07BA83FFA348FFF0AAEA /* [CP] Check Pods Manifest.lock */ = {
			isa = PBXShellScriptBuildPhase;
			buildActionMask = 2147483647;
			files = (
			);
			inputPaths = (
				"${PODS_PODFILE_DIR_PATH}/Podfile.lock",
				"${PODS_ROOT}/Manifest.lock",
			);
			name = "[CP] Check Pods Manifest.lock";
			outputPaths = (
				"$(DERIVED_FILE_DIR)/Pods-Flix_part1-checkManifestLockResult.txt",
			);
			runOnlyForDeploymentPostprocessing = 0;
			shellPath = /bin/sh;
			shellScript = "diff \"${PODS_PODFILE_DIR_PATH}/Podfile.lock\" \"${PODS_ROOT}/Manifest.lock\" > /dev/null\nif [ $? != 0 ] ; then\n    # print error to STDERR\n    echo \"error: The sandbox is not in sync with the Podfile.lock. Run 'pod install' or update your CocoaPods installation.\" >&2\n    exit 1\nfi\n# This output is used by Xcode 'outputs' to avoid re-running this script phase.\necho \"SUCCESS\" > \"${SCRIPT_OUTPUT_FILE_0}\"\n";
			showEnvVarsInLog = 0;
		};
		AAFE52435F1A990240CB48C7 /* [CP] Check Pods Manifest.lock */ = {
			isa = PBXShellScriptBuildPhase;
			buildActionMask = 2147483647;
			files = (
			);
			inputPaths = (
				"${PODS_PODFILE_DIR_PATH}/Podfile.lock",
				"${PODS_ROOT}/Manifest.lock",
			);
			name = "[CP] Check Pods Manifest.lock";
			outputPaths = (
				"$(DERIVED_FILE_DIR)/Pods-Flix_part1UITests-checkManifestLockResult.txt",
			);
			runOnlyForDeploymentPostprocessing = 0;
			shellPath = /bin/sh;
			shellScript = "diff \"${PODS_PODFILE_DIR_PATH}/Podfile.lock\" \"${PODS_ROOT}/Manifest.lock\" > /dev/null\nif [ $? != 0 ] ; then\n    # print error to STDERR\n    echo \"error: The sandbox is not in sync with the Podfile.lock. Run 'pod install' or update your CocoaPods installation.\" >&2\n    exit 1\nfi\n# This output is used by Xcode 'outputs' to avoid re-running this script phase.\necho \"SUCCESS\" > \"${SCRIPT_OUTPUT_FILE_0}\"\n";
			showEnvVarsInLog = 0;
		};
		D29E87E051E280AE21A29B17 /* [CP] Embed Pods Frameworks */ = {
			isa = PBXShellScriptBuildPhase;
			buildActionMask = 2147483647;
			files = (
			);
			inputPaths = (
				"${SRCROOT}/Pods/Target Support Files/Pods-Flix_part1/Pods-Flix_part1-frameworks.sh",
				"${BUILT_PRODUCTS_DIR}/Alamofire/Alamofire.framework",
				"${BUILT_PRODUCTS_DIR}/AlamofireImage/AlamofireImage.framework",
			);
			name = "[CP] Embed Pods Frameworks";
			outputPaths = (
				"${TARGET_BUILD_DIR}/${FRAMEWORKS_FOLDER_PATH}/Alamofire.framework",
				"${TARGET_BUILD_DIR}/${FRAMEWORKS_FOLDER_PATH}/AlamofireImage.framework",
			);
			runOnlyForDeploymentPostprocessing = 0;
			shellPath = /bin/sh;
			shellScript = "\"${SRCROOT}/Pods/Target Support Files/Pods-Flix_part1/Pods-Flix_part1-frameworks.sh\"\n";
			showEnvVarsInLog = 0;
		};
		F4391927214B132D20381FF9 /* [CP] Check Pods Manifest.lock */ = {
			isa = PBXShellScriptBuildPhase;
			buildActionMask = 2147483647;
			files = (
			);
			inputPaths = (
				"${PODS_PODFILE_DIR_PATH}/Podfile.lock",
				"${PODS_ROOT}/Manifest.lock",
			);
			name = "[CP] Check Pods Manifest.lock";
			outputPaths = (
				"$(DERIVED_FILE_DIR)/Pods-Flix_part1Tests-checkManifestLockResult.txt",
			);
			runOnlyForDeploymentPostprocessing = 0;
			shellPath = /bin/sh;
			shellScript = "diff \"${PODS_PODFILE_DIR_PATH}/Podfile.lock\" \"${PODS_ROOT}/Manifest.lock\" > /dev/null\nif [ $? != 0 ] ; then\n    # print error to STDERR\n    echo \"error: The sandbox is not in sync with the Podfile.lock. Run 'pod install' or update your CocoaPods installation.\" >&2\n    exit 1\nfi\n# This output is used by Xcode 'outputs' to avoid re-running this script phase.\necho \"SUCCESS\" > \"${SCRIPT_OUTPUT_FILE_0}\"\n";
			showEnvVarsInLog = 0;
		};
/* End PBXShellScriptBuildPhase section */

/* Begin PBXSourcesBuildPhase section */
		E01955A02154C05600FC20B5 /* Sources */ = {
			isa = PBXSourcesBuildPhase;
			buildActionMask = 2147483647;
			files = (
				E0B56983215612F600AA3E54 /* NowPlayingViewController.swift in Sources */,
				E0173CF72161E97D0084DC0D /* PosterCell.swift in Sources */,
				E0173CF92161EAA30084DC0D /* SuperheroViewController.swift in Sources */,
				E01955A82154C05600FC20B5 /* AppDelegate.swift in Sources */,
				E0115B4B21576C0700CC1C9E /* MovieCell.swift in Sources */,
				E0E4D62A21585C3B0006AA1A /* DetailViewController.swift in Sources */,
			);
			runOnlyForDeploymentPostprocessing = 0;
		};
		E01955B42154C05800FC20B5 /* Sources */ = {
			isa = PBXSourcesBuildPhase;
			buildActionMask = 2147483647;
			files = (
				E01955BD2154C05800FC20B5 /* Flix_part1Tests.swift in Sources */,
			);
			runOnlyForDeploymentPostprocessing = 0;
		};
		E01955BF2154C05800FC20B5 /* Sources */ = {
			isa = PBXSourcesBuildPhase;
			buildActionMask = 2147483647;
			files = (
				E01955C82154C05800FC20B5 /* Flix_part1UITests.swift in Sources */,
			);
			runOnlyForDeploymentPostprocessing = 0;
		};
/* End PBXSourcesBuildPhase section */

/* Begin PBXTargetDependency section */
		E01955BA2154C05800FC20B5 /* PBXTargetDependency */ = {
			isa = PBXTargetDependency;
			target = E01955A32154C05600FC20B5 /* Flix_part1 */;
			targetProxy = E01955B92154C05800FC20B5 /* PBXContainerItemProxy */;
		};
		E01955C52154C05800FC20B5 /* PBXTargetDependency */ = {
			isa = PBXTargetDependency;
			target = E01955A32154C05600FC20B5 /* Flix_part1 */;
			targetProxy = E01955C42154C05800FC20B5 /* PBXContainerItemProxy */;
		};
/* End PBXTargetDependency section */

/* Begin PBXVariantGroup section */
		E01955AB2154C05600FC20B5 /* Main.storyboard */ = {
			isa = PBXVariantGroup;
			children = (
				E01955AC2154C05600FC20B5 /* Base */,
			);
			name = Main.storyboard;
			sourceTree = "<group>";
		};
		E01955B02154C05800FC20B5 /* LaunchScreen.storyboard */ = {
			isa = PBXVariantGroup;
			children = (
				E01955B12154C05800FC20B5 /* Base */,
			);
			name = LaunchScreen.storyboard;
			sourceTree = "<group>";
		};
/* End PBXVariantGroup section */

/* Begin XCBuildConfiguration section */
		E01955CA2154C05800FC20B5 /* Debug */ = {
			isa = XCBuildConfiguration;
			buildSettings = {
				ALWAYS_SEARCH_USER_PATHS = NO;
				CLANG_ANALYZER_NONNULL = YES;
				CLANG_ANALYZER_NUMBER_OBJECT_CONVERSION = YES_AGGRESSIVE;
				CLANG_CXX_LANGUAGE_STANDARD = "gnu++14";
				CLANG_CXX_LIBRARY = "libc++";
				CLANG_ENABLE_MODULES = YES;
				CLANG_ENABLE_OBJC_ARC = YES;
				CLANG_ENABLE_OBJC_WEAK = YES;
				CLANG_WARN_BLOCK_CAPTURE_AUTORELEASING = YES;
				CLANG_WARN_BOOL_CONVERSION = YES;
				CLANG_WARN_COMMA = YES;
				CLANG_WARN_CONSTANT_CONVERSION = YES;
				CLANG_WARN_DEPRECATED_OBJC_IMPLEMENTATIONS = YES;
				CLANG_WARN_DIRECT_OBJC_ISA_USAGE = YES_ERROR;
				CLANG_WARN_DOCUMENTATION_COMMENTS = YES;
				CLANG_WARN_EMPTY_BODY = YES;
				CLANG_WARN_ENUM_CONVERSION = YES;
				CLANG_WARN_INFINITE_RECURSION = YES;
				CLANG_WARN_INT_CONVERSION = YES;
				CLANG_WARN_NON_LITERAL_NULL_CONVERSION = YES;
				CLANG_WARN_OBJC_IMPLICIT_RETAIN_SELF = YES;
				CLANG_WARN_OBJC_LITERAL_CONVERSION = YES;
				CLANG_WARN_OBJC_ROOT_CLASS = YES_ERROR;
				CLANG_WARN_RANGE_LOOP_ANALYSIS = YES;
				CLANG_WARN_STRICT_PROTOTYPES = YES;
				CLANG_WARN_SUSPICIOUS_MOVE = YES;
				CLANG_WARN_UNGUARDED_AVAILABILITY = YES_AGGRESSIVE;
				CLANG_WARN_UNREACHABLE_CODE = YES;
				CLANG_WARN__DUPLICATE_METHOD_MATCH = YES;
				CODE_SIGN_IDENTITY = "iPhone Developer";
				COPY_PHASE_STRIP = NO;
				DEBUG_INFORMATION_FORMAT = dwarf;
				ENABLE_STRICT_OBJC_MSGSEND = YES;
				ENABLE_TESTABILITY = YES;
				GCC_C_LANGUAGE_STANDARD = gnu11;
				GCC_DYNAMIC_NO_PIC = NO;
				GCC_NO_COMMON_BLOCKS = YES;
				GCC_OPTIMIZATION_LEVEL = 0;
				GCC_PREPROCESSOR_DEFINITIONS = (
					"DEBUG=1",
					"$(inherited)",
				);
				GCC_WARN_64_TO_32_BIT_CONVERSION = YES;
				GCC_WARN_ABOUT_RETURN_TYPE = YES_ERROR;
				GCC_WARN_UNDECLARED_SELECTOR = YES;
				GCC_WARN_UNINITIALIZED_AUTOS = YES_AGGRESSIVE;
				GCC_WARN_UNUSED_FUNCTION = YES;
				GCC_WARN_UNUSED_VARIABLE = YES;
				IPHONEOS_DEPLOYMENT_TARGET = 11.4;
				MTL_ENABLE_DEBUG_INFO = YES;
				ONLY_ACTIVE_ARCH = YES;
				SDKROOT = iphoneos;
				SWIFT_ACTIVE_COMPILATION_CONDITIONS = DEBUG;
				SWIFT_OPTIMIZATION_LEVEL = "-Onone";
			};
			name = Debug;
		};
		E01955CB2154C05800FC20B5 /* Release */ = {
			isa = XCBuildConfiguration;
			buildSettings = {
				ALWAYS_SEARCH_USER_PATHS = NO;
				CLANG_ANALYZER_NONNULL = YES;
				CLANG_ANALYZER_NUMBER_OBJECT_CONVERSION = YES_AGGRESSIVE;
				CLANG_CXX_LANGUAGE_STANDARD = "gnu++14";
				CLANG_CXX_LIBRARY = "libc++";
				CLANG_ENABLE_MODULES = YES;
				CLANG_ENABLE_OBJC_ARC = YES;
				CLANG_ENABLE_OBJC_WEAK = YES;
				CLANG_WARN_BLOCK_CAPTURE_AUTORELEASING = YES;
				CLANG_WARN_BOOL_CONVERSION = YES;
				CLANG_WARN_COMMA = YES;
				CLANG_WARN_CONSTANT_CONVERSION = YES;
				CLANG_WARN_DEPRECATED_OBJC_IMPLEMENTATIONS = YES;
				CLANG_WARN_DIRECT_OBJC_ISA_USAGE = YES_ERROR;
				CLANG_WARN_DOCUMENTATION_COMMENTS = YES;
				CLANG_WARN_EMPTY_BODY = YES;
				CLANG_WARN_ENUM_CONVERSION = YES;
				CLANG_WARN_INFINITE_RECURSION = YES;
				CLANG_WARN_INT_CONVERSION = YES;
				CLANG_WARN_NON_LITERAL_NULL_CONVERSION = YES;
				CLANG_WARN_OBJC_IMPLICIT_RETAIN_SELF = YES;
				CLANG_WARN_OBJC_LITERAL_CONVERSION = YES;
				CLANG_WARN_OBJC_ROOT_CLASS = YES_ERROR;
				CLANG_WARN_RANGE_LOOP_ANALYSIS = YES;
				CLANG_WARN_STRICT_PROTOTYPES = YES;
				CLANG_WARN_SUSPICIOUS_MOVE = YES;
				CLANG_WARN_UNGUARDED_AVAILABILITY = YES_AGGRESSIVE;
				CLANG_WARN_UNREACHABLE_CODE = YES;
				CLANG_WARN__DUPLICATE_METHOD_MATCH = YES;
				CODE_SIGN_IDENTITY = "iPhone Developer";
				COPY_PHASE_STRIP = NO;
				DEBUG_INFORMATION_FORMAT = "dwarf-with-dsym";
				ENABLE_NS_ASSERTIONS = NO;
				ENABLE_STRICT_OBJC_MSGSEND = YES;
				GCC_C_LANGUAGE_STANDARD = gnu11;
				GCC_NO_COMMON_BLOCKS = YES;
				GCC_WARN_64_TO_32_BIT_CONVERSION = YES;
				GCC_WARN_ABOUT_RETURN_TYPE = YES_ERROR;
				GCC_WARN_UNDECLARED_SELECTOR = YES;
				GCC_WARN_UNINITIALIZED_AUTOS = YES_AGGRESSIVE;
				GCC_WARN_UNUSED_FUNCTION = YES;
				GCC_WARN_UNUSED_VARIABLE = YES;
				IPHONEOS_DEPLOYMENT_TARGET = 11.4;
				MTL_ENABLE_DEBUG_INFO = NO;
				SDKROOT = iphoneos;
				SWIFT_COMPILATION_MODE = wholemodule;
				SWIFT_OPTIMIZATION_LEVEL = "-O";
				VALIDATE_PRODUCT = YES;
			};
			name = Release;
		};
		E01955CD2154C05800FC20B5 /* Debug */ = {
			isa = XCBuildConfiguration;
			baseConfigurationReference = C621ECDAE8A3A687D37FD86A /* Pods-Flix_part1.debug.xcconfig */;
			buildSettings = {
				ASSETCATALOG_COMPILER_APPICON_NAME = AppIcon;
				CODE_SIGN_STYLE = Automatic;
				INFOPLIST_FILE = Flix_part1/Info.plist;
				LD_RUNPATH_SEARCH_PATHS = (
					"$(inherited)",
					"@executable_path/Frameworks",
				);
				PRODUCT_BUNDLE_IDENTIFIER = "com.codepath.Flix-part1";
				PRODUCT_NAME = "$(TARGET_NAME)";
				SWIFT_VERSION = 4.0;
				TARGETED_DEVICE_FAMILY = "1,2";
			};
			name = Debug;
		};
		E01955CE2154C05800FC20B5 /* Release */ = {
			isa = XCBuildConfiguration;
			baseConfigurationReference = 18F9214606F9594AA9B958F3 /* Pods-Flix_part1.release.xcconfig */;
			buildSettings = {
				ASSETCATALOG_COMPILER_APPICON_NAME = AppIcon;
				CODE_SIGN_STYLE = Automatic;
				INFOPLIST_FILE = Flix_part1/Info.plist;
				LD_RUNPATH_SEARCH_PATHS = (
					"$(inherited)",
					"@executable_path/Frameworks",
				);
				PRODUCT_BUNDLE_IDENTIFIER = "com.codepath.Flix-part1";
				PRODUCT_NAME = "$(TARGET_NAME)";
				SWIFT_VERSION = 4.0;
				TARGETED_DEVICE_FAMILY = "1,2";
			};
			name = Release;
		};
		E01955D02154C05800FC20B5 /* Debug */ = {
			isa = XCBuildConfiguration;
			baseConfigurationReference = 252BB995F0C893DBFE3BC0AB /* Pods-Flix_part1Tests.debug.xcconfig */;
			buildSettings = {
				ALWAYS_EMBED_SWIFT_STANDARD_LIBRARIES = YES;
				BUNDLE_LOADER = "$(TEST_HOST)";
				CODE_SIGN_STYLE = Automatic;
				INFOPLIST_FILE = Flix_part1Tests/Info.plist;
				LD_RUNPATH_SEARCH_PATHS = (
					"$(inherited)",
					"@executable_path/Frameworks",
					"@loader_path/Frameworks",
				);
				PRODUCT_BUNDLE_IDENTIFIER = "com.codepath.Flix-part1Tests";
				PRODUCT_NAME = "$(TARGET_NAME)";
				SWIFT_VERSION = 4.0;
				TARGETED_DEVICE_FAMILY = "1,2";
				TEST_HOST = "$(BUILT_PRODUCTS_DIR)/Flix_part1.app/Flix_part1";
			};
			name = Debug;
		};
		E01955D12154C05800FC20B5 /* Release */ = {
			isa = XCBuildConfiguration;
			baseConfigurationReference = 7040A5967B96E29713EA0D90 /* Pods-Flix_part1Tests.release.xcconfig */;
			buildSettings = {
				ALWAYS_EMBED_SWIFT_STANDARD_LIBRARIES = YES;
				BUNDLE_LOADER = "$(TEST_HOST)";
				CODE_SIGN_STYLE = Automatic;
				INFOPLIST_FILE = Flix_part1Tests/Info.plist;
				LD_RUNPATH_SEARCH_PATHS = (
					"$(inherited)",
					"@executable_path/Frameworks",
					"@loader_path/Frameworks",
				);
				PRODUCT_BUNDLE_IDENTIFIER = "com.codepath.Flix-part1Tests";
				PRODUCT_NAME = "$(TARGET_NAME)";
				SWIFT_VERSION = 4.0;
				TARGETED_DEVICE_FAMILY = "1,2";
				TEST_HOST = "$(BUILT_PRODUCTS_DIR)/Flix_part1.app/Flix_part1";
			};
			name = Release;
		};
		E01955D32154C05800FC20B5 /* Debug */ = {
			isa = XCBuildConfiguration;
			baseConfigurationReference = 41E409EBB4E71AB0457EB7CE /* Pods-Flix_part1UITests.debug.xcconfig */;
			buildSettings = {
				ALWAYS_EMBED_SWIFT_STANDARD_LIBRARIES = YES;
				CODE_SIGN_STYLE = Automatic;
				INFOPLIST_FILE = Flix_part1UITests/Info.plist;
				LD_RUNPATH_SEARCH_PATHS = (
					"$(inherited)",
					"@executable_path/Frameworks",
					"@loader_path/Frameworks",
				);
				PRODUCT_BUNDLE_IDENTIFIER = "com.codepath.Flix-part1UITests";
				PRODUCT_NAME = "$(TARGET_NAME)";
				SWIFT_VERSION = 4.0;
				TARGETED_DEVICE_FAMILY = "1,2";
				TEST_TARGET_NAME = Flix_part1;
			};
			name = Debug;
		};
		E01955D42154C05800FC20B5 /* Release */ = {
			isa = XCBuildConfiguration;
			baseConfigurationReference = 0D23F71F9E52132296078655 /* Pods-Flix_part1UITests.release.xcconfig */;
			buildSettings = {
				ALWAYS_EMBED_SWIFT_STANDARD_LIBRARIES = YES;
				CODE_SIGN_STYLE = Automatic;
				INFOPLIST_FILE = Flix_part1UITests/Info.plist;
				LD_RUNPATH_SEARCH_PATHS = (
					"$(inherited)",
					"@executable_path/Frameworks",
					"@loader_path/Frameworks",
				);
				PRODUCT_BUNDLE_IDENTIFIER = "com.codepath.Flix-part1UITests";
				PRODUCT_NAME = "$(TARGET_NAME)";
				SWIFT_VERSION = 4.0;
				TARGETED_DEVICE_FAMILY = "1,2";
				TEST_TARGET_NAME = Flix_part1;
			};
			name = Release;
		};
/* End XCBuildConfiguration section */

/* Begin XCConfigurationList section */
		E019559F2154C05600FC20B5 /* Build configuration list for PBXProject "Flix_part1" */ = {
			isa = XCConfigurationList;
			buildConfigurations = (
				E01955CA2154C05800FC20B5 /* Debug */,
				E01955CB2154C05800FC20B5 /* Release */,
			);
			defaultConfigurationIsVisible = 0;
			defaultConfigurationName = Release;
		};
		E01955CC2154C05800FC20B5 /* Build configuration list for PBXNativeTarget "Flix_part1" */ = {
			isa = XCConfigurationList;
			buildConfigurations = (
				E01955CD2154C05800FC20B5 /* Debug */,
				E01955CE2154C05800FC20B5 /* Release */,
			);
			defaultConfigurationIsVisible = 0;
			defaultConfigurationName = Release;
		};
		E01955CF2154C05800FC20B5 /* Build configuration list for PBXNativeTarget "Flix_part1Tests" */ = {
			isa = XCConfigurationList;
			buildConfigurations = (
				E01955D02154C05800FC20B5 /* Debug */,
				E01955D12154C05800FC20B5 /* Release */,
			);
			defaultConfigurationIsVisible = 0;
			defaultConfigurationName = Release;
		};
		E01955D22154C05800FC20B5 /* Build configuration list for PBXNativeTarget "Flix_part1UITests" */ = {
			isa = XCConfigurationList;
			buildConfigurations = (
				E01955D32154C05800FC20B5 /* Debug */,
				E01955D42154C05800FC20B5 /* Release */,
			);
			defaultConfigurationIsVisible = 0;
			defaultConfigurationName = Release;
		};
/* End XCConfigurationList section */
	};
	rootObject = E019559C2154C05600FC20B5 /* Project object */;
}
